
Microsoft Visual Studio Solution File, Format Version 12.00
# Visual Studio 15
VisualStudioVersion = 15.0.27004.2002
MinimumVisualStudioVersion = 10.0.40219.1
Project("{FAE04EC0-301F-11D3-BF4B-00C04F79EFBC}") = "01_hello_world", "01_hello_world\01_hello_world.csproj", "{694FEFF3-F0C2-48A6-81BC-35D8B2B84C05}"
EndProject
Project("{FAE04EC0-301F-11D3-BF4B-00C04F79EFBC}") = "Variables", "Variables\Variables.csproj", "{D5B6D047-1A91-474F-B072-8D28F4FC6514}"
EndProject
Project("{FAE04EC0-301F-11D3-BF4B-00C04F79EFBC}") = "calculator", "calculator\calculator.csproj", "{16E88E38-9BCE-4095-B927-1F9FFD3D9EF1}"
EndProject
Project("{FAE04EC0-301F-11D3-BF4B-00C04F79EFBC}") = "random_while", "random_while\random_while.csproj", "{E8560742-5B95-434D-A1EC-1798028CB63E}"
EndProject
Project("{FAE04EC0-301F-11D3-BF4B-00C04F79EFBC}") = "checking_random_101", "checking_random_101\checking_random_101.csproj", "{6F85341E-1F32-4BE2-94F6-B7835D1A1A4C}"
EndProject
Project("{FAE04EC0-301F-11D3-BF4B-00C04F79EFBC}") = "excuses", "excuses\excuses.csproj", "{5ED13348-783F-452A-9743-45B5C13AB430}"
EndProject
Global
	GlobalSection(SolutionConfigurationPlatforms) = preSolution
		Debug|Any CPU = Debug|Any CPU
		Release|Any CPU = Release|Any CPU
	EndGlobalSection
	GlobalSection(ProjectConfigurationPlatforms) = postSolution
		{694FEFF3-F0C2-48A6-81BC-35D8B2B84C05}.Debug|Any CPU.ActiveCfg = Debug|Any CPU
		{694FEFF3-F0C2-48A6-81BC-35D8B2B84C05}.Debug|Any CPU.Build.0 = Debug|Any CPU
		{694FEFF3-F0C2-48A6-81BC-35D8B2B84C05}.Release|Any CPU.ActiveCfg = Release|Any CPU
		{694FEFF3-F0C2-48A6-81BC-35D8B2B84C05}.Release|Any CPU.Build.0 = Release|Any CPU
		{D5B6D047-1A91-474F-B072-8D28F4FC6514}.Debug|Any CPU.ActiveCfg = Debug|Any CPU
		{D5B6D047-1A91-474F-B072-8D28F4FC6514}.Debug|Any CPU.Build.0 = Debug|Any CPU
		{D5B6D047-1A91-474F-B072-8D28F4FC6514}.Release|Any CPU.ActiveCfg = Release|Any CPU
		{D5B6D047-1A91-474F-B072-8D28F4FC6514}.Release|Any CPU.Build.0 = Release|Any CPU
		{16E88E38-9BCE-4095-B927-1F9FFD3D9EF1}.Debug|Any CPU.ActiveCfg = Debug|Any CPU
		{16E88E38-9BCE-4095-B927-1F9FFD3D9EF1}.Debug|Any CPU.Build.0 = Debug|Any CPU
		{16E88E38-9BCE-4095-B927-1F9FFD3D9EF1}.Release|Any CPU.ActiveCfg = Release|Any CPU
		{16E88E38-9BCE-4095-B927-1F9FFD3D9EF1}.Release|Any CPU.Build.0 = Release|Any CPU
		{E8560742-5B95-434D-A1EC-1798028CB63E}.Debug|Any CPU.ActiveCfg = Debug|Any CPU
		{E8560742-5B95-434D-A1EC-1798028CB63E}.Debug|Any CPU.Build.0 = Debug|Any CPU
		{E8560742-5B95-434D-A1EC-1798028CB63E}.Release|Any CPU.ActiveCfg = Release|Any CPU
		{E8560742-5B95-434D-A1EC-1798028CB63E}.Release|Any CPU.Build.0 = Release|Any CPU
		{6F85341E-1F32-4BE2-94F6-B7835D1A1A4C}.Debug|Any CPU.ActiveCfg = Debug|Any CPU
		{6F85341E-1F32-4BE2-94F6-B7835D1A1A4C}.Debug|Any CPU.Build.0 = Debug|Any CPU
		{6F85341E-1F32-4BE2-94F6-B7835D1A1A4C}.Release|Any CPU.ActiveCfg = Release|Any CPU
		{6F85341E-1F32-4BE2-94F6-B7835D1A1A4C}.Release|Any CPU.Build.0 = Release|Any CPU
		{5ED13348-783F-452A-9743-45B5C13AB430}.Debug|Any CPU.ActiveCfg = Debug|Any CPU
		{5ED13348-783F-452A-9743-45B5C13AB430}.Debug|Any CPU.Build.0 = Debug|Any CPU
		{5ED13348-783F-452A-9743-45B5C13AB430}.Release|Any CPU.ActiveCfg = Release|Any CPU
		{5ED13348-783F-452A-9743-45B5C13AB430}.Release|Any CPU.Build.0 = Release|Any CPU
	EndGlobalSection
	GlobalSection(SolutionProperties) = preSolution
		HideSolutionNode = FALSE
	EndGlobalSection
	GlobalSection(ExtensibilityGlobals) = postSolution
		SolutionGuid = {C8A6AA73-A698-402B-8C34-D531F243C5B0}
	EndGlobalSection
EndGlobal
